prepare:
  cmd: python src/prepare.py data/data.xml
  deps:
  - path: data/data.xml
    md5: 5193c4f0e82207a00e6596f679cbdb74
  - path: src/prepare.py
    md5: 285af85d794bb57e5d09ace7209f3519
  params:
    params.yaml:
      prepare.seed: 20170428
      prepare.split: 0.2
  outs:
  - path: data/prepared
    md5: ecb3e4644128e3b3cf72e139ba2365c1.dir
featurize:
  cmd: python src/featurization.py data/prepared data/features
  deps:
  - path: data/prepared
    md5: ecb3e4644128e3b3cf72e139ba2365c1.dir
  - path: src/featurization.py
    md5: 02180903aa05599ceaa6ff6ee2471d00
  params:
    params.yaml:
      featurize.max_features: 1500
      featurize.ngrams: 2
  outs:
  - path: data/features
    md5: d7db01aaa04e5f862a34f13a754b9f66.dir
train:
  cmd: python src/train.py data/features model.pkl
  deps:
  - path: data/features
    md5: d7db01aaa04e5f862a34f13a754b9f66.dir
  - path: src/train.py
    md5: 81dee04109234a1003aa08f806552203
  params:
    params.yaml:
      train.n_estimators: 50
      train.seed: 20170428
  outs:
  - path: model.pkl
    md5: 62e4552c00ef2ccdc56e6934dc83f034
evaluate:
  cmd: python src/evaluate.py model.pkl data/features scores.json prc.json
  deps:
  - path: data/features
    md5: d7db01aaa04e5f862a34f13a754b9f66.dir
  - path: model.pkl
    md5: 62e4552c00ef2ccdc56e6934dc83f034
  - path: src/evaluate.py
    md5: 631fd3f13434edcf4abd56a5b798e8b2
  outs:
  - path: prc.json
    md5: 5d69d6082b5cb6cbadc52db2e75aa14a
  - path: scores.json
    md5: c67889415bbb4ca1a1c70c18630fdd57
